github.com/hashicorp/errwrap v0.0.0-20141028054710-7554cd9344ce/go.mod h1:YH+1FKiLXxHSkmPseP+kNlulaMuP3n2brvKWEqk/Jc4=
github.com/hashicorp/go-multierror v0.0.0-20171204182908-b7773ae21874/go.mod h1:JMRHfdO9jKNzS/+BTlxCjKNQHg/jZAft8U7LloJvN7I=
github.com/pkg/errors v0.8.0/go.mod h1:bwawxfHBFNV+L2hUp1rHADufV3IMtnDRdf1r5NINEl0=
github.com/sfomuseum/go-edtf v0.2.3/go.mod h1:1rP0EJZ/84j3HO80vGcnG2T9MFBDAFyTNtjrr8cv3T4=
github.com/sfomuseum/go-edtf v0.3.0 h1:D9YI8FUR9mGge2aVFLIJE1IF+6KDKZddXCftPjUPnSo=
github.com/sfomuseum/go-edtf v0.3.0/go.mod h1:1rP0EJZ/84j3HO80vGcnG2T9MFBDAFyTNtjrr8cv3T4=
github.com/sfomuseum/go-flags v0.7.0/go.mod h1:ML3DTNbF9xnjExSdS/9FtVLjIUhRU5gm/ehzISv+t2w=
github.com/tidwall/gjson v1.9.1 h1:wrrRk7TyL7MmKanNRck/Mcr3VU1sdMvJHvJXzqBIUNo=
github.com/tidwall/gjson v1.9.1/go.mod h1:jydLKE7s8J0+1/5jC4eXcuFlzKizGrCKvLmBVX/5oXc=
github.com/tidwall/match v1.0.3 h1:FQUVvBImDutD8wJLN6c5eMzWtjgONK9MwIBCOrUJKeE=
github.com/tidwall/match v1.0.3/go.mod h1:eRSPERbgtNPcGhD8UCthc6PmLEQXEWd3PRB5JTxsfmM=
github.com/tidwall/pretty v1.2.0 h1:RWIZEg2iJ8/g6fDDYzMpobmaoGh5OLl4AXtGUGPcqCs=
github.com/tidwall/pretty v1.2.0/go.mod h1:ITEVvHYasfjBbM0u2Pg8T2nJnzm8xPwvNhhsoaGGjNU=
github.com/whosonfirst/go-whosonfirst-flags v0.4.3 h1:ef6IkgvYADL4kc750sl6i5hkReNq0Z6upLcqpK2CHLY=
github.com/whosonfirst/go-whosonfirst-flags v0.4.3/go.mod h1:pL17Ryo60FH8RYaQRgfu5XnxhrNRK3x+rn03TYD6Gc8=
github.com/whosonfirst/go-whosonfirst-placetypes v0.3.0/go.mod h1:ez0VFkGFbgT2/z2oi3PIuW6FewsZ2+5glyfDD79XEHk=
github.com/whosonfirst/go-whosonfirst-sources v0.1.0/go.mod h1:EUMHyGzUmqPPxlMmOp+28BFeoBdxxE0HCKRd67lkqGM=
github.com/whosonfirst/go-whosonfirst-uri v1.0.1/go.mod h1:8eaDVcc4v+HHHEDaRbApdmhPwM4/JQllw2PktvZcPVs=
github.com/whosonfirst/warning v0.1.1/go.mod h1:/unEMzhB9YaMeEwTJpzLN3kM5LiSxdJhKEsf/OQhn6s=
